
Microsoft Visual Studio Solution File, Format Version 12.00
# Visual Studio Version 17
VisualStudioVersion = 17.5.33627.172
MinimumVisualStudioVersion = 10.0.40219.1
Project("{FAE04EC0-301F-11D3-BF4B-00C04F79EFBC}") = "NLayer.Core", "NLayer.Core\NLayer.Core.csproj", "{51750991-4935-46BA-8B9F-99E7229D001B}"
EndProject
Project("{FAE04EC0-301F-11D3-BF4B-00C04F79EFBC}") = "NLayer.Repository", "NLayer.Repository\NLayer.Repository.csproj", "{6DB03F2E-DCCC-47F7-95F3-EA4EB54FDB81}"
EndProject
Project("{FAE04EC0-301F-11D3-BF4B-00C04F79EFBC}") = "NLayer.Service", "NLayer.Service\NLayer.Service.csproj", "{29337AE2-2A7C-416C-B1B4-E525241B4FA7}"
EndProject
Project("{FAE04EC0-301F-11D3-BF4B-00C04F79EFBC}") = "NLayer.API", "NLayer.API\NLayer.API.csproj", "{C08AFC73-D37E-410E-9FDD-0A184F2EC486}"
EndProject
Project("{FAE04EC0-301F-11D3-BF4B-00C04F79EFBC}") = "NLayer.Caching", "NLayer.Caching\NLayer.Caching.csproj", "{0E832470-B33B-4AF2-822E-7922BE542D36}"
EndProject
Global
	GlobalSection(SolutionConfigurationPlatforms) = preSolution
		Debug|Any CPU = Debug|Any CPU
		Release|Any CPU = Release|Any CPU
	EndGlobalSection
	GlobalSection(ProjectConfigurationPlatforms) = postSolution
		{51750991-4935-46BA-8B9F-99E7229D001B}.Debug|Any CPU.ActiveCfg = Debug|Any CPU
		{51750991-4935-46BA-8B9F-99E7229D001B}.Debug|Any CPU.Build.0 = Debug|Any CPU
		{51750991-4935-46BA-8B9F-99E7229D001B}.Release|Any CPU.ActiveCfg = Release|Any CPU
		{51750991-4935-46BA-8B9F-99E7229D001B}.Release|Any CPU.Build.0 = Release|Any CPU
		{6DB03F2E-DCCC-47F7-95F3-EA4EB54FDB81}.Debug|Any CPU.ActiveCfg = Debug|Any CPU
		{6DB03F2E-DCCC-47F7-95F3-EA4EB54FDB81}.Debug|Any CPU.Build.0 = Debug|Any CPU
		{6DB03F2E-DCCC-47F7-95F3-EA4EB54FDB81}.Release|Any CPU.ActiveCfg = Release|Any CPU
		{6DB03F2E-DCCC-47F7-95F3-EA4EB54FDB81}.Release|Any CPU.Build.0 = Release|Any CPU
		{29337AE2-2A7C-416C-B1B4-E525241B4FA7}.Debug|Any CPU.ActiveCfg = Debug|Any CPU
		{29337AE2-2A7C-416C-B1B4-E525241B4FA7}.Debug|Any CPU.Build.0 = Debug|Any CPU
		{29337AE2-2A7C-416C-B1B4-E525241B4FA7}.Release|Any CPU.ActiveCfg = Release|Any CPU
		{29337AE2-2A7C-416C-B1B4-E525241B4FA7}.Release|Any CPU.Build.0 = Release|Any CPU
		{C08AFC73-D37E-410E-9FDD-0A184F2EC486}.Debug|Any CPU.ActiveCfg = Debug|Any CPU
		{C08AFC73-D37E-410E-9FDD-0A184F2EC486}.Debug|Any CPU.Build.0 = Debug|Any CPU
		{C08AFC73-D37E-410E-9FDD-0A184F2EC486}.Release|Any CPU.ActiveCfg = Release|Any CPU
		{C08AFC73-D37E-410E-9FDD-0A184F2EC486}.Release|Any CPU.Build.0 = Release|Any CPU
		{0E832470-B33B-4AF2-822E-7922BE542D36}.Debug|Any CPU.ActiveCfg = Debug|Any CPU
		{0E832470-B33B-4AF2-822E-7922BE542D36}.Debug|Any CPU.Build.0 = Debug|Any CPU
		{0E832470-B33B-4AF2-822E-7922BE542D36}.Release|Any CPU.ActiveCfg = Release|Any CPU
		{0E832470-B33B-4AF2-822E-7922BE542D36}.Release|Any CPU.Build.0 = Release|Any CPU
	EndGlobalSection
	GlobalSection(SolutionProperties) = preSolution
		HideSolutionNode = FALSE
	EndGlobalSection
	GlobalSection(ExtensibilityGlobals) = postSolution
		SolutionGuid = {5FB9E21D-390C-4FE1-B4CC-D307DD46B90F}
	EndGlobalSection
EndGlobal
